{
  "version": "3",
  "packages": {
    "specifiers": {
      "npm:handlebars@4.7.8": "npm:handlebars@4.7.8",
      "npm:kdbxweb@2.1.1": "npm:kdbxweb@2.1.1"
    },
    "npm": {
      "@xmldom/xmldom@0.7.13": {
        "integrity": "sha512-lm2GW5PkosIzccsaZIz7tp8cPADSIlIHWDFTR1N0SzfinhhYgeIQjFMz4rYzanCScr3DqQLeomUDArp6MWKm+g==",
        "dependencies": {}
      },
      "fflate@0.7.4": {
        "integrity": "sha512-5u2V/CDW15QM1XbbgS+0DfPxVB+jUKhWEKuuFuHncbk3tEEqzmoXL+2KyOFuKGqOnmdIy0/davWF1CkuwtibCw==",
        "dependencies": {}
      },
      "handlebars@4.7.8": {
        "integrity": "sha512-vafaFqs8MZkRrSX7sFVUdo3ap/eNiLnb4IakshzvP56X5Nr1iGKAIqdX6tMlm6HcNRIkr6AxO5jFEoJzzpT8aQ==",
        "dependencies": {
          "minimist": "minimist@1.2.8",
          "neo-async": "neo-async@2.6.2",
          "source-map": "source-map@0.6.1",
          "uglify-js": "uglify-js@3.17.4",
          "wordwrap": "wordwrap@1.0.0"
        }
      },
      "kdbxweb@2.1.1": {
        "integrity": "sha512-z+a2+BEzyK2kUh0xDekY7gwc9CkbzSetUyvc78NKVawxV06UG1KYbg9W9hZCJdQPYizIVePTvQsYUXIO1qtAhQ==",
        "dependencies": {
          "@xmldom/xmldom": "@xmldom/xmldom@0.7.13",
          "fflate": "fflate@0.7.4"
        }
      },
      "minimist@1.2.8": {
        "integrity": "sha512-2yyAR8qBkN3YuheJanUpWC5U3bb5osDywNB8RzDVlDwDHbocAJveqqj1u8+SVD7jkWT4yvsHCpWqqWqAxb0zCA==",
        "dependencies": {}
      },
      "neo-async@2.6.2": {
        "integrity": "sha512-Yd3UES5mWCSqR+qNT93S3UoYUkqAZ9lLg8a7g9rimsWmYGK8cVToA4/sF3RrshdyV3sAGMXVUmpMYOw+dLpOuw==",
        "dependencies": {}
      },
      "source-map@0.6.1": {
        "integrity": "sha512-UjgapumWlbMhkBgzT7Ykc5YXUT46F0iKu8SGXq0bcwP5dz/h0Plj6enJqjz1Zbq2l5WaqYnrVbwWOWMyF3F47g==",
        "dependencies": {}
      },
      "uglify-js@3.17.4": {
        "integrity": "sha512-T9q82TJI9e/C1TAxYvfb16xO120tMVFZrGA3f9/P4424DNu6ypK103y0GPFVa17yotwSyZW5iYXgjYHkGrJW/g==",
        "dependencies": {}
      },
      "wordwrap@1.0.0": {
        "integrity": "sha512-gvVzJFlPycKc5dZN4yPkP8w7Dc37BtP1yczEneOb4uq34pXZcvrtRTmWV8W+Ume+XCxKgbjM+nevkyFPMybd4Q==",
        "dependencies": {}
      }
    }
  },
  "redirects": {
    "https://deno.land/x/gs_std/os/mod.ts": "https://deno.land/x/gs_std@0.0.1/os/mod.ts",
    "https://deno.land/x/gs_std/path/os.ts": "https://deno.land/x/gs_std@0.0.1/path/os.ts"
  },
  "remote": {}
}
